
Microsoft Visual Studio Solution File, Format Version 11.00
# Visual Studio 2010
Project("{FAE04EC0-301F-11D3-BF4B-00C04F79EFBC}") = "InvoiceVisitor", "InvoiceVisitor.csproj", "{015D9F82-F9C5-4F80-A476-E05369D24C51}"
EndProject
Global
	GlobalSection(SolutionConfigurationPlatforms) = preSolution
		Debug|Any CPU = Debug|Any CPU
		Release|Any CPU = Release|Any CPU
	EndGlobalSection
	GlobalSection(ProjectConfigurationPlatforms) = postSolution
		{015D9F82-F9C5-4F80-A476-E05369D24C51}.Debug|Any CPU.ActiveCfg = Debug|Any CPU
		{015D9F82-F9C5-4F80-A476-E05369D24C51}.Debug|Any CPU.Build.0 = Debug|Any CPU
		{015D9F82-F9C5-4F80-A476-E05369D24C51}.Release|Any CPU.ActiveCfg = Release|Any CPU
		{015D9F82-F9C5-4F80-A476-E05369D24C51}.Release|Any CPU.Build.0 = Release|Any CPU
	EndGlobalSection
	GlobalSection(SolutionProperties) = preSolution
		HideSolutionNode = FALSE
	EndGlobalSection
EndGlobal
