
Microsoft Visual Studio Solution File, Format Version 12.00
# Visual Studio 14
VisualStudioVersion = 14.0.25420.1
MinimumVisualStudioVersion = 10.0.40219.1
Project("{FAE04EC0-301F-11D3-BF4B-00C04F79EFBC}") = "MyFirstMvcWebApp", "MyFirstMvcWebApp\MyFirstMvcWebApp.csproj", "{B7BFCFFC-2796-4B36-9E6F-1ADD0AFE926B}"
EndProject
Project("{FAE04EC0-301F-11D3-BF4B-00C04F79EFBC}") = "MyFirstMvcWebApp.Data.EF", "MyFirstMvcWebApp.Data.EF\MyFirstMvcWebApp.Data.EF.csproj", "{E4BE057A-EE79-4EAA-9335-6F475D136870}"
EndProject
Project("{FAE04EC0-301F-11D3-BF4B-00C04F79EFBC}") = "MyFirstMvcWebApp.Entities", "MyFirstMvcWebApp.Entities\MyFirstMvcWebApp.Entities.csproj", "{C677B5E1-E5F2-42FA-A11A-B866A7362CBA}"
EndProject
Global
	GlobalSection(SolutionConfigurationPlatforms) = preSolution
		Debug|Any CPU = Debug|Any CPU
		Release|Any CPU = Release|Any CPU
	EndGlobalSection
	GlobalSection(ProjectConfigurationPlatforms) = postSolution
		{B7BFCFFC-2796-4B36-9E6F-1ADD0AFE926B}.Debug|Any CPU.ActiveCfg = Debug|Any CPU
		{B7BFCFFC-2796-4B36-9E6F-1ADD0AFE926B}.Debug|Any CPU.Build.0 = Debug|Any CPU
		{B7BFCFFC-2796-4B36-9E6F-1ADD0AFE926B}.Release|Any CPU.ActiveCfg = Release|Any CPU
		{B7BFCFFC-2796-4B36-9E6F-1ADD0AFE926B}.Release|Any CPU.Build.0 = Release|Any CPU
		{E4BE057A-EE79-4EAA-9335-6F475D136870}.Debug|Any CPU.ActiveCfg = Debug|Any CPU
		{E4BE057A-EE79-4EAA-9335-6F475D136870}.Debug|Any CPU.Build.0 = Debug|Any CPU
		{E4BE057A-EE79-4EAA-9335-6F475D136870}.Release|Any CPU.ActiveCfg = Release|Any CPU
		{E4BE057A-EE79-4EAA-9335-6F475D136870}.Release|Any CPU.Build.0 = Release|Any CPU
		{C677B5E1-E5F2-42FA-A11A-B866A7362CBA}.Debug|Any CPU.ActiveCfg = Debug|Any CPU
		{C677B5E1-E5F2-42FA-A11A-B866A7362CBA}.Debug|Any CPU.Build.0 = Debug|Any CPU
		{C677B5E1-E5F2-42FA-A11A-B866A7362CBA}.Release|Any CPU.ActiveCfg = Release|Any CPU
		{C677B5E1-E5F2-42FA-A11A-B866A7362CBA}.Release|Any CPU.Build.0 = Release|Any CPU
	EndGlobalSection
	GlobalSection(SolutionProperties) = preSolution
		HideSolutionNode = FALSE
	EndGlobalSection
EndGlobal
