
Microsoft Visual Studio Solution File, Format Version 11.00
# Visual Studio 2010
Project("{FAE04EC0-301F-11D3-BF4B-00C04F79EFBC}") = "ConsoleClock", "ConsoleClock\ConsoleClock.csproj", "{45294206-1613-448B-B831-0D07C37D1E78}"
EndProject
Project("{FAE04EC0-301F-11D3-BF4B-00C04F79EFBC}") = "DelegateConsoleClock", "DelegateConsoleClock\DelegateConsoleClock.csproj", "{ACC54765-7D4B-48F9-A1C4-76D757E2B447}"
EndProject
Global
	GlobalSection(SolutionConfigurationPlatforms) = preSolution
		Debug|Any CPU = Debug|Any CPU
		Release|Any CPU = Release|Any CPU
	EndGlobalSection
	GlobalSection(ProjectConfigurationPlatforms) = postSolution
		{45294206-1613-448B-B831-0D07C37D1E78}.Debug|Any CPU.ActiveCfg = Debug|Any CPU
		{45294206-1613-448B-B831-0D07C37D1E78}.Debug|Any CPU.Build.0 = Debug|Any CPU
		{45294206-1613-448B-B831-0D07C37D1E78}.Release|Any CPU.ActiveCfg = Release|Any CPU
		{45294206-1613-448B-B831-0D07C37D1E78}.Release|Any CPU.Build.0 = Release|Any CPU
		{ACC54765-7D4B-48F9-A1C4-76D757E2B447}.Debug|Any CPU.ActiveCfg = Debug|Any CPU
		{ACC54765-7D4B-48F9-A1C4-76D757E2B447}.Debug|Any CPU.Build.0 = Debug|Any CPU
		{ACC54765-7D4B-48F9-A1C4-76D757E2B447}.Release|Any CPU.ActiveCfg = Release|Any CPU
		{ACC54765-7D4B-48F9-A1C4-76D757E2B447}.Release|Any CPU.Build.0 = Release|Any CPU
	EndGlobalSection
	GlobalSection(SolutionProperties) = preSolution
		HideSolutionNode = FALSE
	EndGlobalSection
EndGlobal
